
Microsoft Visual Studio Solution File, Format Version 12.00
# Visual Studio Version 17
VisualStudioVersion = 17.8.34525.116
MinimumVisualStudioVersion = 10.0.40219.1
Project("{FAE04EC0-301F-11D3-BF4B-00C04F79EFBC}") = "EsempioLogin", "EsempioLogin\EsempioLogin.csproj", "{D345C28D-8868-4BC5-B802-442F03D16F2A}"
EndProject
Global
	GlobalSection(SolutionConfigurationPlatforms) = preSolution
		Debug|Any CPU = Debug|Any CPU
		Release|Any CPU = Release|Any CPU
	EndGlobalSection
	GlobalSection(ProjectConfigurationPlatforms) = postSolution
		{D345C28D-8868-4BC5-B802-442F03D16F2A}.Debug|Any CPU.ActiveCfg = Debug|Any CPU
		{D345C28D-8868-4BC5-B802-442F03D16F2A}.Debug|Any CPU.Build.0 = Debug|Any CPU
		{D345C28D-8868-4BC5-B802-442F03D16F2A}.Release|Any CPU.ActiveCfg = Release|Any CPU
		{D345C28D-8868-4BC5-B802-442F03D16F2A}.Release|Any CPU.Build.0 = Release|Any CPU
	EndGlobalSection
	GlobalSection(SolutionProperties) = preSolution
		HideSolutionNode = FALSE
	EndGlobalSection
	GlobalSection(ExtensibilityGlobals) = postSolution
		SolutionGuid = {3958971A-855E-431F-B59D-412656768877}
	EndGlobalSection
EndGlobal
